
Microsoft Visual Studio Solution File, Format Version 12.00
# Visual Studio Version 17
VisualStudioVersion = 17.10.35004.147
MinimumVisualStudioVersion = 10.0.40219.1
Project("{9A19103F-16F7-4668-BE54-9A1E7A4F7556}") = "AliUni.Web", "AliUni.Web\AliUni.Web.csproj", "{8AF8A0A3-33D5-4714-B993-97885F15AFA4}"
EndProject
Project("{9A19103F-16F7-4668-BE54-9A1E7A4F7556}") = "AliUni.Data", "AliUni.Data\AliUni.Data.csproj", "{1867ACC3-D77C-4260-9F38-65073559C37F}"
EndProject
Project("{FAE04EC0-301F-11D3-BF4B-00C04F79EFBC}") = "AliUni.Core", "AliUni.Core\AliUni.Core.csproj", "{9A47F753-2A1C-40B9-A684-81A89247745E}"
EndProject
Global
	GlobalSection(SolutionConfigurationPlatforms) = preSolution
		Debug|Any CPU = Debug|Any CPU
		Release|Any CPU = Release|Any CPU
	EndGlobalSection
	GlobalSection(ProjectConfigurationPlatforms) = postSolution
		{8AF8A0A3-33D5-4714-B993-97885F15AFA4}.Debug|Any CPU.ActiveCfg = Debug|Any CPU
		{8AF8A0A3-33D5-4714-B993-97885F15AFA4}.Debug|Any CPU.Build.0 = Debug|Any CPU
		{8AF8A0A3-33D5-4714-B993-97885F15AFA4}.Release|Any CPU.ActiveCfg = Release|Any CPU
		{8AF8A0A3-33D5-4714-B993-97885F15AFA4}.Release|Any CPU.Build.0 = Release|Any CPU
		{1867ACC3-D77C-4260-9F38-65073559C37F}.Debug|Any CPU.ActiveCfg = Debug|Any CPU
		{1867ACC3-D77C-4260-9F38-65073559C37F}.Debug|Any CPU.Build.0 = Debug|Any CPU
		{1867ACC3-D77C-4260-9F38-65073559C37F}.Release|Any CPU.ActiveCfg = Release|Any CPU
		{1867ACC3-D77C-4260-9F38-65073559C37F}.Release|Any CPU.Build.0 = Release|Any CPU
		{9A47F753-2A1C-40B9-A684-81A89247745E}.Debug|Any CPU.ActiveCfg = Debug|Any CPU
		{9A47F753-2A1C-40B9-A684-81A89247745E}.Debug|Any CPU.Build.0 = Debug|Any CPU
		{9A47F753-2A1C-40B9-A684-81A89247745E}.Release|Any CPU.ActiveCfg = Release|Any CPU
		{9A47F753-2A1C-40B9-A684-81A89247745E}.Release|Any CPU.Build.0 = Release|Any CPU
	EndGlobalSection
	GlobalSection(SolutionProperties) = preSolution
		HideSolutionNode = FALSE
	EndGlobalSection
	GlobalSection(ExtensibilityGlobals) = postSolution
		SolutionGuid = {354E429E-EB2A-49D0-A742-574B9BFC889F}
	EndGlobalSection
EndGlobal
